
Microsoft Visual Studio Solution File, Format Version 12.00
# Visual Studio Version 16
VisualStudioVersion = 16.0.31129.286
MinimumVisualStudioVersion = 10.0.40219.1
Project("{9A19103F-16F7-4668-BE54-9A1E7A4F7556}") = "ApiTeste", "ApiTeste\ApiTeste.csproj", "{DA878C21-10AE-40A6-BB08-582B80C16973}"
EndProject
Project("{FAE04EC0-301F-11D3-BF4B-00C04F79EFBC}") = "Dominio", "Dominio\Dominio.csproj", "{3BFBD4D2-2E56-4672-98B7-99F0837A83B9}"
EndProject
Project("{FAE04EC0-301F-11D3-BF4B-00C04F79EFBC}") = "Repositorio", "Repositorio\Repositorio.csproj", "{83E53DE2-8310-49D4-B726-612E04148361}"
EndProject
Global
	GlobalSection(SolutionConfigurationPlatforms) = preSolution
		Debug|Any CPU = Debug|Any CPU
		Release|Any CPU = Release|Any CPU
	EndGlobalSection
	GlobalSection(ProjectConfigurationPlatforms) = postSolution
		{DA878C21-10AE-40A6-BB08-582B80C16973}.Debug|Any CPU.ActiveCfg = Debug|Any CPU
		{DA878C21-10AE-40A6-BB08-582B80C16973}.Debug|Any CPU.Build.0 = Debug|Any CPU
		{DA878C21-10AE-40A6-BB08-582B80C16973}.Release|Any CPU.ActiveCfg = Release|Any CPU
		{DA878C21-10AE-40A6-BB08-582B80C16973}.Release|Any CPU.Build.0 = Release|Any CPU
		{3BFBD4D2-2E56-4672-98B7-99F0837A83B9}.Debug|Any CPU.ActiveCfg = Debug|Any CPU
		{3BFBD4D2-2E56-4672-98B7-99F0837A83B9}.Debug|Any CPU.Build.0 = Debug|Any CPU
		{3BFBD4D2-2E56-4672-98B7-99F0837A83B9}.Release|Any CPU.ActiveCfg = Release|Any CPU
		{3BFBD4D2-2E56-4672-98B7-99F0837A83B9}.Release|Any CPU.Build.0 = Release|Any CPU
		{83E53DE2-8310-49D4-B726-612E04148361}.Debug|Any CPU.ActiveCfg = Debug|Any CPU
		{83E53DE2-8310-49D4-B726-612E04148361}.Debug|Any CPU.Build.0 = Debug|Any CPU
		{83E53DE2-8310-49D4-B726-612E04148361}.Release|Any CPU.ActiveCfg = Release|Any CPU
		{83E53DE2-8310-49D4-B726-612E04148361}.Release|Any CPU.Build.0 = Release|Any CPU
	EndGlobalSection
	GlobalSection(SolutionProperties) = preSolution
		HideSolutionNode = FALSE
	EndGlobalSection
	GlobalSection(ExtensibilityGlobals) = postSolution
		SolutionGuid = {CB581886-F45E-4976-B966-EF2DD097E8D3}
	EndGlobalSection
EndGlobal
